
Microsoft Visual Studio Solution File, Format Version 11.00
# Visual Studio 2010
Project("{FAE04EC0-301F-11D3-BF4B-00C04F79EFBC}") = "Assembly-CSharp", "Assembly-CSharp.csproj", "{D43EE649-A041-23AE-B0E2-C8EA0E8F5D7B}"
EndProject
Project("{FAE04EC0-301F-11D3-BF4B-00C04F79EFBC}") = "Assembly-CSharp-Editor", "Assembly-CSharp-Editor.csproj", "{AE743C01-BC9B-7953-FF21-E7A5FE3B43A4}"
EndProject
Global
	GlobalSection(SolutionConfigurationPlatforms) = preSolution
		Debug|Any CPU = Debug|Any CPU
		Release|Any CPU = Release|Any CPU
	EndGlobalSection
	GlobalSection(ProjectConfigurationPlatforms) = postSolution
		{D43EE649-A041-23AE-B0E2-C8EA0E8F5D7B}.Debug|Any CPU.ActiveCfg = Debug|Any CPU
		{D43EE649-A041-23AE-B0E2-C8EA0E8F5D7B}.Debug|Any CPU.Build.0 = Debug|Any CPU
		{D43EE649-A041-23AE-B0E2-C8EA0E8F5D7B}.Release|Any CPU.ActiveCfg = Release|Any CPU
		{D43EE649-A041-23AE-B0E2-C8EA0E8F5D7B}.Release|Any CPU.Build.0 = Release|Any CPU
		{AE743C01-BC9B-7953-FF21-E7A5FE3B43A4}.Debug|Any CPU.ActiveCfg = Debug|Any CPU
		{AE743C01-BC9B-7953-FF21-E7A5FE3B43A4}.Debug|Any CPU.Build.0 = Debug|Any CPU
		{AE743C01-BC9B-7953-FF21-E7A5FE3B43A4}.Release|Any CPU.ActiveCfg = Release|Any CPU
		{AE743C01-BC9B-7953-FF21-E7A5FE3B43A4}.Release|Any CPU.Build.0 = Release|Any CPU
	EndGlobalSection
	GlobalSection(SolutionProperties) = preSolution
		HideSolutionNode = FALSE
	EndGlobalSection
EndGlobal
